
Microsoft Visual Studio Solution File, Format Version 12.00
# Visual Studio Version 17
VisualStudioVersion = 17.14.36414.22
MinimumVisualStudioVersion = 10.0.40219.1
Project("{2150E333-8FDC-42A3-9474-1A3956D46DE8}") = "Task0", "Task0", "{36D591C7-65C7-A0D1-1CBC-10CDE441BDC8}"
EndProject
Project("{FAE04EC0-301F-11D3-BF4B-00C04F79EFBC}") = "Tyuiu.KolosovAA.Sprint5.Task0.V25", "Tyuiu.KolosovAA.Sprint5.Task0.V25\Tyuiu.KolosovAA.Sprint5.Task0.V25.csproj", "{2854637F-BA3D-46B2-9437-3737FBE37D8E}"
EndProject
Project("{FAE04EC0-301F-11D3-BF4B-00C04F79EFBC}") = "Tyuiu.KolosovAA.Sprint5.Task0.V25.Lib", "Tyuiu.KolosovAA.Sprint5.Task0.V25.Lib\Tyuiu.KolosovAA.Sprint5.Task0.V25.Lib.csproj", "{D700460B-82A4-428B-8996-DFD12640ACCD}"
EndProject
Project("{FAE04EC0-301F-11D3-BF4B-00C04F79EFBC}") = "Tyuiu.KolosovAA.Sprint5.Task0.V25.Test", "Tyuiu.KolosovAA.Sprint5.Task0.V25.Test\Tyuiu.KolosovAA.Sprint5.Task0.V25.Test.csproj", "{97916392-CAD9-43B4-A290-0221E6C261CD}"
EndProject
Project("{2150E333-8FDC-42A3-9474-1A3956D46DE8}") = "Task1", "Task1", "{A888EC6B-D98A-42BB-8A29-E8E2E1FBDB5C}"
EndProject
Project("{FAE04EC0-301F-11D3-BF4B-00C04F79EFBC}") = "Tyuiu.KolosovAA.Sprint5.Task1.V28", "Tyuiu.KolosovAA.Sprint5.Task1.V28\Tyuiu.KolosovAA.Sprint5.Task1.V28.csproj", "{D5244741-31C2-4B4B-8871-F84CD8372FC5}"
EndProject
Project("{FAE04EC0-301F-11D3-BF4B-00C04F79EFBC}") = "Tyuiu.KolosovAA.Sprint5.Task1.V28.Lib", "Tyuiu.KolosovAA.Sprint5.Task1.V28.Lib\Tyuiu.KolosovAA.Sprint5.Task1.V28.Lib.csproj", "{4245DA91-5458-46D5-9540-0125BE5B048B}"
EndProject
Project("{FAE04EC0-301F-11D3-BF4B-00C04F79EFBC}") = "Tyuiu.KolosovAA.Sprint5.Task1.V28.Test", "Tyuiu.KolosovAA.Sprint5.Task1.V28.Test\Tyuiu.KolosovAA.Sprint5.Task1.V28.Test.csproj", "{EC625542-6FF5-457D-8C24-02D767AD5EF8}"
EndProject
Global
	GlobalSection(SolutionConfigurationPlatforms) = preSolution
		Debug|Any CPU = Debug|Any CPU
		Release|Any CPU = Release|Any CPU
	EndGlobalSection
	GlobalSection(ProjectConfigurationPlatforms) = postSolution
		{2854637F-BA3D-46B2-9437-3737FBE37D8E}.Debug|Any CPU.ActiveCfg = Debug|Any CPU
		{2854637F-BA3D-46B2-9437-3737FBE37D8E}.Debug|Any CPU.Build.0 = Debug|Any CPU
		{2854637F-BA3D-46B2-9437-3737FBE37D8E}.Release|Any CPU.ActiveCfg = Release|Any CPU
		{2854637F-BA3D-46B2-9437-3737FBE37D8E}.Release|Any CPU.Build.0 = Release|Any CPU
		{D700460B-82A4-428B-8996-DFD12640ACCD}.Debug|Any CPU.ActiveCfg = Debug|Any CPU
		{D700460B-82A4-428B-8996-DFD12640ACCD}.Debug|Any CPU.Build.0 = Debug|Any CPU
		{D700460B-82A4-428B-8996-DFD12640ACCD}.Release|Any CPU.ActiveCfg = Release|Any CPU
		{D700460B-82A4-428B-8996-DFD12640ACCD}.Release|Any CPU.Build.0 = Release|Any CPU
		{97916392-CAD9-43B4-A290-0221E6C261CD}.Debug|Any CPU.ActiveCfg = Debug|Any CPU
		{97916392-CAD9-43B4-A290-0221E6C261CD}.Debug|Any CPU.Build.0 = Debug|Any CPU
		{97916392-CAD9-43B4-A290-0221E6C261CD}.Release|Any CPU.ActiveCfg = Release|Any CPU
		{97916392-CAD9-43B4-A290-0221E6C261CD}.Release|Any CPU.Build.0 = Release|Any CPU
		{D5244741-31C2-4B4B-8871-F84CD8372FC5}.Debug|Any CPU.ActiveCfg = Debug|Any CPU
		{D5244741-31C2-4B4B-8871-F84CD8372FC5}.Debug|Any CPU.Build.0 = Debug|Any CPU
		{D5244741-31C2-4B4B-8871-F84CD8372FC5}.Release|Any CPU.ActiveCfg = Release|Any CPU
		{D5244741-31C2-4B4B-8871-F84CD8372FC5}.Release|Any CPU.Build.0 = Release|Any CPU
		{4245DA91-5458-46D5-9540-0125BE5B048B}.Debug|Any CPU.ActiveCfg = Debug|Any CPU
		{4245DA91-5458-46D5-9540-0125BE5B048B}.Debug|Any CPU.Build.0 = Debug|Any CPU
		{4245DA91-5458-46D5-9540-0125BE5B048B}.Release|Any CPU.ActiveCfg = Release|Any CPU
		{4245DA91-5458-46D5-9540-0125BE5B048B}.Release|Any CPU.Build.0 = Release|Any CPU
		{EC625542-6FF5-457D-8C24-02D767AD5EF8}.Debug|Any CPU.ActiveCfg = Debug|Any CPU
		{EC625542-6FF5-457D-8C24-02D767AD5EF8}.Debug|Any CPU.Build.0 = Debug|Any CPU
		{EC625542-6FF5-457D-8C24-02D767AD5EF8}.Release|Any CPU.ActiveCfg = Release|Any CPU
		{EC625542-6FF5-457D-8C24-02D767AD5EF8}.Release|Any CPU.Build.0 = Release|Any CPU
	EndGlobalSection
	GlobalSection(SolutionProperties) = preSolution
		HideSolutionNode = FALSE
	EndGlobalSection
	GlobalSection(NestedProjects) = preSolution
		{2854637F-BA3D-46B2-9437-3737FBE37D8E} = {36D591C7-65C7-A0D1-1CBC-10CDE441BDC8}
		{D700460B-82A4-428B-8996-DFD12640ACCD} = {36D591C7-65C7-A0D1-1CBC-10CDE441BDC8}
		{97916392-CAD9-43B4-A290-0221E6C261CD} = {36D591C7-65C7-A0D1-1CBC-10CDE441BDC8}
		{D5244741-31C2-4B4B-8871-F84CD8372FC5} = {A888EC6B-D98A-42BB-8A29-E8E2E1FBDB5C}
		{4245DA91-5458-46D5-9540-0125BE5B048B} = {A888EC6B-D98A-42BB-8A29-E8E2E1FBDB5C}
		{EC625542-6FF5-457D-8C24-02D767AD5EF8} = {A888EC6B-D98A-42BB-8A29-E8E2E1FBDB5C}
	EndGlobalSection
	GlobalSection(ExtensibilityGlobals) = postSolution
		SolutionGuid = {AB5D7402-E8B1-486A-A9CC-2BFD5C4C6A82}
	EndGlobalSection
EndGlobal
