
Microsoft Visual Studio Solution File, Format Version 12.00
# Visual Studio Version 17
VisualStudioVersion = 17.14.36414.22
MinimumVisualStudioVersion = 10.0.40219.1
Project("{2150E333-8FDC-42A3-9474-1A3956D46DE8}") = "Task0", "Task0", "{36D591C7-65C7-A0D1-1CBC-10CDE441BDC8}"
EndProject
Project("{FAE04EC0-301F-11D3-BF4B-00C04F79EFBC}") = "Tyuiu.KolosovAA.Sprint5.Task0.V25", "Tyuiu.KolosovAA.Sprint5.Task0.V25\Tyuiu.KolosovAA.Sprint5.Task0.V25.csproj", "{2854637F-BA3D-46B2-9437-3737FBE37D8E}"
EndProject
Project("{FAE04EC0-301F-11D3-BF4B-00C04F79EFBC}") = "Tyuiu.KolosovAA.Sprint5.Task0.V25.Lib", "Tyuiu.KolosovAA.Sprint5.Task0.V25.Lib\Tyuiu.KolosovAA.Sprint5.Task0.V25.Lib.csproj", "{D700460B-82A4-428B-8996-DFD12640ACCD}"
EndProject
Project("{FAE04EC0-301F-11D3-BF4B-00C04F79EFBC}") = "Tyuiu.KolosovAA.Sprint5.Task0.V25.Test", "Tyuiu.KolosovAA.Sprint5.Task0.V25.Test\Tyuiu.KolosovAA.Sprint5.Task0.V25.Test.csproj", "{97916392-CAD9-43B4-A290-0221E6C261CD}"
EndProject
Project("{2150E333-8FDC-42A3-9474-1A3956D46DE8}") = "Task1", "Task1", "{A888EC6B-D98A-42BB-8A29-E8E2E1FBDB5C}"
EndProject
Project("{FAE04EC0-301F-11D3-BF4B-00C04F79EFBC}") = "Tyuiu.KolosovAA.Sprint5.Task1.V28", "Tyuiu.KolosovAA.Sprint5.Task1.V28\Tyuiu.KolosovAA.Sprint5.Task1.V28.csproj", "{D5244741-31C2-4B4B-8871-F84CD8372FC5}"
EndProject
Project("{FAE04EC0-301F-11D3-BF4B-00C04F79EFBC}") = "Tyuiu.KolosovAA.Sprint5.Task1.V28.Lib", "Tyuiu.KolosovAA.Sprint5.Task1.V28.Lib\Tyuiu.KolosovAA.Sprint5.Task1.V28.Lib.csproj", "{4245DA91-5458-46D5-9540-0125BE5B048B}"
EndProject
Project("{FAE04EC0-301F-11D3-BF4B-00C04F79EFBC}") = "Tyuiu.KolosovAA.Sprint5.Task1.V28.Test", "Tyuiu.KolosovAA.Sprint5.Task1.V28.Test\Tyuiu.KolosovAA.Sprint5.Task1.V28.Test.csproj", "{EC625542-6FF5-457D-8C24-02D767AD5EF8}"
EndProject
Project("{2150E333-8FDC-42A3-9474-1A3956D46DE8}") = "Task2", "Task2", "{8F9C4F99-A226-4B14-9EF3-CC72DEE00269}"
EndProject
Project("{FAE04EC0-301F-11D3-BF4B-00C04F79EFBC}") = "Tyuiu.KolosovAA.Sprint5.Task2.V8", "Tyuiu.KolosovAA.Sprint5.Task2.V8\Tyuiu.KolosovAA.Sprint5.Task2.V8.csproj", "{18E7C2D3-B687-4C9D-BCAE-4E5A557546F6}"
EndProject
Project("{FAE04EC0-301F-11D3-BF4B-00C04F79EFBC}") = "Tyuiu.KolosovAA.Sprint5.Task2.V8.Lib", "Tyuiu.KolosovAA.Sprint5.Task2.V8.Lib\Tyuiu.KolosovAA.Sprint5.Task2.V8.Lib.csproj", "{C17FBF68-249C-494C-BAF5-683EEB4C68DA}"
EndProject
Project("{FAE04EC0-301F-11D3-BF4B-00C04F79EFBC}") = "Tyuiu.KolosovAA.Sprint5.Task2.V8.Test", "Tyuiu.KolosovAA.Sprint5.Task2.V8.Test\Tyuiu.KolosovAA.Sprint5.Task2.V8.Test.csproj", "{C23E99A9-4CE2-4450-82CD-FB9673F9B4ED}"
EndProject
Project("{2150E333-8FDC-42A3-9474-1A3956D46DE8}") = "Task3", "Task3", "{837CE795-9FB6-4839-AD62-20D2B497C597}"
EndProject
Project("{FAE04EC0-301F-11D3-BF4B-00C04F79EFBC}") = "Tyuiu.KolosovAA.Sprint5.Task3.V9", "Tyuiu.KolosovAA.Sprint5.Task3.V9\Tyuiu.KolosovAA.Sprint5.Task3.V9.csproj", "{9C26AE57-C6CD-44CC-ABEC-8EC8014B1018}"
EndProject
Project("{FAE04EC0-301F-11D3-BF4B-00C04F79EFBC}") = "Tyuiu.KolosovAA.Sprint5.Task3.V9.Lib", "Tyuiu.KolosovAA.Sprint5.Task3.V9.Lib\Tyuiu.KolosovAA.Sprint5.Task3.V9.Lib.csproj", "{1EB381A8-1722-48E4-9E5A-9816D680D8A1}"
EndProject
Project("{FAE04EC0-301F-11D3-BF4B-00C04F79EFBC}") = "Tyuiu.KolosovAA.Sprint5.Task3.V9.Test", "Tyuiu.KolosovAA.Sprint5.Task3.V9.Test\Tyuiu.KolosovAA.Sprint5.Task3.V9.Test.csproj", "{90A82E7D-0F0A-4C2D-9F0E-DF018D4B8111}"
EndProject
Project("{2150E333-8FDC-42A3-9474-1A3956D46DE8}") = "Task4", "Task4", "{9F478283-7D16-4D8E-A21B-EEF427AC58E6}"
EndProject
Project("{FAE04EC0-301F-11D3-BF4B-00C04F79EFBC}") = "Tyuiu.KolosovAA.Sprint5.Task4.V19", "Tyuiu.KolosovAA.Sprint5.Task4.V19\Tyuiu.KolosovAA.Sprint5.Task4.V19.csproj", "{BCC58264-3AD3-468F-BAA4-3C139B81719C}"
EndProject
Project("{FAE04EC0-301F-11D3-BF4B-00C04F79EFBC}") = "Tyuiu.KolosovAA.Sprint5.Task4.V19.Lib", "Tyuiu.KolosovAA.Sprint5.Task4.V19.Lib\Tyuiu.KolosovAA.Sprint5.Task4.V19.Lib.csproj", "{8337F6BB-9CC3-49C4-855B-D82FF69BEC12}"
EndProject
Project("{FAE04EC0-301F-11D3-BF4B-00C04F79EFBC}") = "Tyuiu.KolosovAA.Sprint5.Task4.V19.Test", "Tyuiu.KolosovAA.Sprint5.Task4.V19.Test\Tyuiu.KolosovAA.Sprint5.Task4.V19.Test.csproj", "{B3B239FD-DFE0-40B5-835C-D441C40A67CF}"
EndProject
Project("{2150E333-8FDC-42A3-9474-1A3956D46DE8}") = "Task5", "Task5", "{B35DAF9E-7F14-4EED-BFBA-70B2898BC755}"
EndProject
Project("{FAE04EC0-301F-11D3-BF4B-00C04F79EFBC}") = "Tyuiu.KolosovAA.Sprint5.Task5.V4", "Tyuiu.KolosovAA.Sprint5.Task5.V4\Tyuiu.KolosovAA.Sprint5.Task5.V4.csproj", "{9B030AA6-09DC-4B5A-BE7A-D21D7318B486}"
EndProject
Project("{FAE04EC0-301F-11D3-BF4B-00C04F79EFBC}") = "Tyuiu.KolosovAA.Sprint5.Task5.V4.Lib", "Tyuiu.KolosovAA.Sprint5.Task5.V4.Lib\Tyuiu.KolosovAA.Sprint5.Task5.V4.Lib.csproj", "{E8BBF5F4-6696-4196-9C45-6066961EF748}"
EndProject
Project("{FAE04EC0-301F-11D3-BF4B-00C04F79EFBC}") = "Tyuiu.KolosovAA.Sprint5.Task5.V4.Test", "Tyuiu.KolosovAA.Sprint5.Task5.V4.Test\Tyuiu.KolosovAA.Sprint5.Task5.V4.Test.csproj", "{B41B3576-E5CA-4E9E-937B-422ACEBE6603}"
EndProject
Global
	GlobalSection(SolutionConfigurationPlatforms) = preSolution
		Debug|Any CPU = Debug|Any CPU
		Release|Any CPU = Release|Any CPU
	EndGlobalSection
	GlobalSection(ProjectConfigurationPlatforms) = postSolution
		{2854637F-BA3D-46B2-9437-3737FBE37D8E}.Debug|Any CPU.ActiveCfg = Debug|Any CPU
		{2854637F-BA3D-46B2-9437-3737FBE37D8E}.Debug|Any CPU.Build.0 = Debug|Any CPU
		{2854637F-BA3D-46B2-9437-3737FBE37D8E}.Release|Any CPU.ActiveCfg = Release|Any CPU
		{2854637F-BA3D-46B2-9437-3737FBE37D8E}.Release|Any CPU.Build.0 = Release|Any CPU
		{D700460B-82A4-428B-8996-DFD12640ACCD}.Debug|Any CPU.ActiveCfg = Debug|Any CPU
		{D700460B-82A4-428B-8996-DFD12640ACCD}.Debug|Any CPU.Build.0 = Debug|Any CPU
		{D700460B-82A4-428B-8996-DFD12640ACCD}.Release|Any CPU.ActiveCfg = Release|Any CPU
		{D700460B-82A4-428B-8996-DFD12640ACCD}.Release|Any CPU.Build.0 = Release|Any CPU
		{97916392-CAD9-43B4-A290-0221E6C261CD}.Debug|Any CPU.ActiveCfg = Debug|Any CPU
		{97916392-CAD9-43B4-A290-0221E6C261CD}.Debug|Any CPU.Build.0 = Debug|Any CPU
		{97916392-CAD9-43B4-A290-0221E6C261CD}.Release|Any CPU.ActiveCfg = Release|Any CPU
		{97916392-CAD9-43B4-A290-0221E6C261CD}.Release|Any CPU.Build.0 = Release|Any CPU
		{D5244741-31C2-4B4B-8871-F84CD8372FC5}.Debug|Any CPU.ActiveCfg = Debug|Any CPU
		{D5244741-31C2-4B4B-8871-F84CD8372FC5}.Debug|Any CPU.Build.0 = Debug|Any CPU
		{D5244741-31C2-4B4B-8871-F84CD8372FC5}.Release|Any CPU.ActiveCfg = Release|Any CPU
		{D5244741-31C2-4B4B-8871-F84CD8372FC5}.Release|Any CPU.Build.0 = Release|Any CPU
		{4245DA91-5458-46D5-9540-0125BE5B048B}.Debug|Any CPU.ActiveCfg = Debug|Any CPU
		{4245DA91-5458-46D5-9540-0125BE5B048B}.Debug|Any CPU.Build.0 = Debug|Any CPU
		{4245DA91-5458-46D5-9540-0125BE5B048B}.Release|Any CPU.ActiveCfg = Release|Any CPU
		{4245DA91-5458-46D5-9540-0125BE5B048B}.Release|Any CPU.Build.0 = Release|Any CPU
		{EC625542-6FF5-457D-8C24-02D767AD5EF8}.Debug|Any CPU.ActiveCfg = Debug|Any CPU
		{EC625542-6FF5-457D-8C24-02D767AD5EF8}.Debug|Any CPU.Build.0 = Debug|Any CPU
		{EC625542-6FF5-457D-8C24-02D767AD5EF8}.Release|Any CPU.ActiveCfg = Release|Any CPU
		{EC625542-6FF5-457D-8C24-02D767AD5EF8}.Release|Any CPU.Build.0 = Release|Any CPU
		{18E7C2D3-B687-4C9D-BCAE-4E5A557546F6}.Debug|Any CPU.ActiveCfg = Debug|Any CPU
		{18E7C2D3-B687-4C9D-BCAE-4E5A557546F6}.Debug|Any CPU.Build.0 = Debug|Any CPU
		{18E7C2D3-B687-4C9D-BCAE-4E5A557546F6}.Release|Any CPU.ActiveCfg = Release|Any CPU
		{18E7C2D3-B687-4C9D-BCAE-4E5A557546F6}.Release|Any CPU.Build.0 = Release|Any CPU
		{C17FBF68-249C-494C-BAF5-683EEB4C68DA}.Debug|Any CPU.ActiveCfg = Debug|Any CPU
		{C17FBF68-249C-494C-BAF5-683EEB4C68DA}.Debug|Any CPU.Build.0 = Debug|Any CPU
		{C17FBF68-249C-494C-BAF5-683EEB4C68DA}.Release|Any CPU.ActiveCfg = Release|Any CPU
		{C17FBF68-249C-494C-BAF5-683EEB4C68DA}.Release|Any CPU.Build.0 = Release|Any CPU
		{C23E99A9-4CE2-4450-82CD-FB9673F9B4ED}.Debug|Any CPU.ActiveCfg = Debug|Any CPU
		{C23E99A9-4CE2-4450-82CD-FB9673F9B4ED}.Debug|Any CPU.Build.0 = Debug|Any CPU
		{C23E99A9-4CE2-4450-82CD-FB9673F9B4ED}.Release|Any CPU.ActiveCfg = Release|Any CPU
		{C23E99A9-4CE2-4450-82CD-FB9673F9B4ED}.Release|Any CPU.Build.0 = Release|Any CPU
		{9C26AE57-C6CD-44CC-ABEC-8EC8014B1018}.Debug|Any CPU.ActiveCfg = Debug|Any CPU
		{9C26AE57-C6CD-44CC-ABEC-8EC8014B1018}.Debug|Any CPU.Build.0 = Debug|Any CPU
		{9C26AE57-C6CD-44CC-ABEC-8EC8014B1018}.Release|Any CPU.ActiveCfg = Release|Any CPU
		{9C26AE57-C6CD-44CC-ABEC-8EC8014B1018}.Release|Any CPU.Build.0 = Release|Any CPU
		{1EB381A8-1722-48E4-9E5A-9816D680D8A1}.Debug|Any CPU.ActiveCfg = Debug|Any CPU
		{1EB381A8-1722-48E4-9E5A-9816D680D8A1}.Debug|Any CPU.Build.0 = Debug|Any CPU
		{1EB381A8-1722-48E4-9E5A-9816D680D8A1}.Release|Any CPU.ActiveCfg = Release|Any CPU
		{1EB381A8-1722-48E4-9E5A-9816D680D8A1}.Release|Any CPU.Build.0 = Release|Any CPU
		{90A82E7D-0F0A-4C2D-9F0E-DF018D4B8111}.Debug|Any CPU.ActiveCfg = Debug|Any CPU
		{90A82E7D-0F0A-4C2D-9F0E-DF018D4B8111}.Debug|Any CPU.Build.0 = Debug|Any CPU
		{90A82E7D-0F0A-4C2D-9F0E-DF018D4B8111}.Release|Any CPU.ActiveCfg = Release|Any CPU
		{90A82E7D-0F0A-4C2D-9F0E-DF018D4B8111}.Release|Any CPU.Build.0 = Release|Any CPU
		{BCC58264-3AD3-468F-BAA4-3C139B81719C}.Debug|Any CPU.ActiveCfg = Debug|Any CPU
		{BCC58264-3AD3-468F-BAA4-3C139B81719C}.Debug|Any CPU.Build.0 = Debug|Any CPU
		{BCC58264-3AD3-468F-BAA4-3C139B81719C}.Release|Any CPU.ActiveCfg = Release|Any CPU
		{BCC58264-3AD3-468F-BAA4-3C139B81719C}.Release|Any CPU.Build.0 = Release|Any CPU
		{8337F6BB-9CC3-49C4-855B-D82FF69BEC12}.Debug|Any CPU.ActiveCfg = Debug|Any CPU
		{8337F6BB-9CC3-49C4-855B-D82FF69BEC12}.Debug|Any CPU.Build.0 = Debug|Any CPU
		{8337F6BB-9CC3-49C4-855B-D82FF69BEC12}.Release|Any CPU.ActiveCfg = Release|Any CPU
		{8337F6BB-9CC3-49C4-855B-D82FF69BEC12}.Release|Any CPU.Build.0 = Release|Any CPU
		{B3B239FD-DFE0-40B5-835C-D441C40A67CF}.Debug|Any CPU.ActiveCfg = Debug|Any CPU
		{B3B239FD-DFE0-40B5-835C-D441C40A67CF}.Debug|Any CPU.Build.0 = Debug|Any CPU
		{B3B239FD-DFE0-40B5-835C-D441C40A67CF}.Release|Any CPU.ActiveCfg = Release|Any CPU
		{B3B239FD-DFE0-40B5-835C-D441C40A67CF}.Release|Any CPU.Build.0 = Release|Any CPU
		{9B030AA6-09DC-4B5A-BE7A-D21D7318B486}.Debug|Any CPU.ActiveCfg = Debug|Any CPU
		{9B030AA6-09DC-4B5A-BE7A-D21D7318B486}.Debug|Any CPU.Build.0 = Debug|Any CPU
		{9B030AA6-09DC-4B5A-BE7A-D21D7318B486}.Release|Any CPU.ActiveCfg = Release|Any CPU
		{9B030AA6-09DC-4B5A-BE7A-D21D7318B486}.Release|Any CPU.Build.0 = Release|Any CPU
		{E8BBF5F4-6696-4196-9C45-6066961EF748}.Debug|Any CPU.ActiveCfg = Debug|Any CPU
		{E8BBF5F4-6696-4196-9C45-6066961EF748}.Debug|Any CPU.Build.0 = Debug|Any CPU
		{E8BBF5F4-6696-4196-9C45-6066961EF748}.Release|Any CPU.ActiveCfg = Release|Any CPU
		{E8BBF5F4-6696-4196-9C45-6066961EF748}.Release|Any CPU.Build.0 = Release|Any CPU
		{B41B3576-E5CA-4E9E-937B-422ACEBE6603}.Debug|Any CPU.ActiveCfg = Debug|Any CPU
		{B41B3576-E5CA-4E9E-937B-422ACEBE6603}.Debug|Any CPU.Build.0 = Debug|Any CPU
		{B41B3576-E5CA-4E9E-937B-422ACEBE6603}.Release|Any CPU.ActiveCfg = Release|Any CPU
		{B41B3576-E5CA-4E9E-937B-422ACEBE6603}.Release|Any CPU.Build.0 = Release|Any CPU
	EndGlobalSection
	GlobalSection(SolutionProperties) = preSolution
		HideSolutionNode = FALSE
	EndGlobalSection
	GlobalSection(NestedProjects) = preSolution
		{2854637F-BA3D-46B2-9437-3737FBE37D8E} = {36D591C7-65C7-A0D1-1CBC-10CDE441BDC8}
		{D700460B-82A4-428B-8996-DFD12640ACCD} = {36D591C7-65C7-A0D1-1CBC-10CDE441BDC8}
		{97916392-CAD9-43B4-A290-0221E6C261CD} = {36D591C7-65C7-A0D1-1CBC-10CDE441BDC8}
		{D5244741-31C2-4B4B-8871-F84CD8372FC5} = {A888EC6B-D98A-42BB-8A29-E8E2E1FBDB5C}
		{4245DA91-5458-46D5-9540-0125BE5B048B} = {A888EC6B-D98A-42BB-8A29-E8E2E1FBDB5C}
		{EC625542-6FF5-457D-8C24-02D767AD5EF8} = {A888EC6B-D98A-42BB-8A29-E8E2E1FBDB5C}
		{18E7C2D3-B687-4C9D-BCAE-4E5A557546F6} = {8F9C4F99-A226-4B14-9EF3-CC72DEE00269}
		{C17FBF68-249C-494C-BAF5-683EEB4C68DA} = {8F9C4F99-A226-4B14-9EF3-CC72DEE00269}
		{C23E99A9-4CE2-4450-82CD-FB9673F9B4ED} = {8F9C4F99-A226-4B14-9EF3-CC72DEE00269}
		{9C26AE57-C6CD-44CC-ABEC-8EC8014B1018} = {837CE795-9FB6-4839-AD62-20D2B497C597}
		{1EB381A8-1722-48E4-9E5A-9816D680D8A1} = {837CE795-9FB6-4839-AD62-20D2B497C597}
		{90A82E7D-0F0A-4C2D-9F0E-DF018D4B8111} = {837CE795-9FB6-4839-AD62-20D2B497C597}
		{BCC58264-3AD3-468F-BAA4-3C139B81719C} = {9F478283-7D16-4D8E-A21B-EEF427AC58E6}
		{8337F6BB-9CC3-49C4-855B-D82FF69BEC12} = {9F478283-7D16-4D8E-A21B-EEF427AC58E6}
		{B3B239FD-DFE0-40B5-835C-D441C40A67CF} = {9F478283-7D16-4D8E-A21B-EEF427AC58E6}
		{9B030AA6-09DC-4B5A-BE7A-D21D7318B486} = {B35DAF9E-7F14-4EED-BFBA-70B2898BC755}
		{E8BBF5F4-6696-4196-9C45-6066961EF748} = {B35DAF9E-7F14-4EED-BFBA-70B2898BC755}
		{B41B3576-E5CA-4E9E-937B-422ACEBE6603} = {B35DAF9E-7F14-4EED-BFBA-70B2898BC755}
	EndGlobalSection
	GlobalSection(ExtensibilityGlobals) = postSolution
		SolutionGuid = {AB5D7402-E8B1-486A-A9CC-2BFD5C4C6A82}
	EndGlobalSection
EndGlobal
